// !$*UTF8*$!
{
	archiveVersion = 1;
	classes = {
	};
	objectVersion = 50;
	objects = {

/* Begin PBXBuildFile section */
		573D5DFD23A26EA5003A514D /* leetcode-23.cpp in Sources */ = {isa = PBXBuildFile; fileRef = 573D5DFB23A26EA5003A514D /* leetcode-23.cpp */; };
		575DCDE123A08B3F00EFD616 /* main.cpp in Sources */ = {isa = PBXBuildFile; fileRef = 575DCDE023A08B3F00EFD616 /* main.cpp */; };
		575DCDE923A08BC900EFD616 /* leetcode-3.cpp in Sources */ = {isa = PBXBuildFile; fileRef = 575DCDE723A08BC900EFD616 /* leetcode-3.cpp */; };
		57D93EB723A0DE3A009C2960 /* leetcode-6.cpp in Sources */ = {isa = PBXBuildFile; fileRef = 57D93EB623A0DE3A009C2960 /* leetcode-6.cpp */; };
		57F6D07D23A7A7CD00511609 /* 堆排序.cpp in Sources */ = {isa = PBXBuildFile; fileRef = 57F6D07C23A7A7CD00511609 /* 堆排序.cpp */; };
/* End PBXBuildFile section */

/* Begin PBXCopyFilesBuildPhase section */
		575DCDDB23A08B3F00EFD616 /* CopyFiles */ = {
			isa = PBXCopyFilesBuildPhase;
			buildActionMask = 2147483647;
			dstPath = /usr/share/man/man1/;
			dstSubfolderSpec = 0;
			files = (
			);
			runOnlyForDeploymentPostprocessing = 1;
		};
/* End PBXCopyFilesBuildPhase section */

/* Begin PBXFileReference section */
		573D5DFB23A26EA5003A514D /* leetcode-23.cpp */ = {isa = PBXFileReference; lastKnownFileType = sourcecode.cpp.cpp; path = "leetcode-23.cpp"; sourceTree = "<group>"; };
		573D5DFC23A26EA5003A514D /* leetcode-23.hpp */ = {isa = PBXFileReference; lastKnownFileType = sourcecode.cpp.h; path = "leetcode-23.hpp"; sourceTree = "<group>"; };
		575DCDDD23A08B3F00EFD616 /* Leetcode */ = {isa = PBXFileReference; explicitFileType = "compiled.mach-o.executable"; includeInIndex = 0; path = Leetcode; sourceTree = BUILT_PRODUCTS_DIR; };
		575DCDE023A08B3F00EFD616 /* main.cpp */ = {isa = PBXFileReference; lastKnownFileType = sourcecode.cpp.cpp; path = main.cpp; sourceTree = "<group>"; };
		575DCDE723A08BC900EFD616 /* leetcode-3.cpp */ = {isa = PBXFileReference; lastKnownFileType = sourcecode.cpp.cpp; path = "leetcode-3.cpp"; sourceTree = "<group>"; };
		575DCDE823A08BC900EFD616 /* leetcode-3.hpp */ = {isa = PBXFileReference; lastKnownFileType = sourcecode.cpp.h; path = "leetcode-3.hpp"; sourceTree = "<group>"; };
		57D93EB623A0DE3A009C2960 /* leetcode-6.cpp */ = {isa = PBXFileReference; lastKnownFileType = sourcecode.cpp.cpp; path = "leetcode-6.cpp"; sourceTree = "<group>"; };
		57F6D07C23A7A7CD00511609 /* 堆排序.cpp */ = {isa = PBXFileReference; lastKnownFileType = sourcecode.cpp.cpp; path = "堆排序.cpp"; sourceTree = "<group>"; };
/* End PBXFileReference section */

/* Begin PBXFrameworksBuildPhase section */
		575DCDDA23A08B3F00EFD616 /* Frameworks */ = {
			isa = PBXFrameworksBuildPhase;
			buildActionMask = 2147483647;
			files = (
			);
			runOnlyForDeploymentPostprocessing = 0;
		};
/* End PBXFrameworksBuildPhase section */

/* Begin PBXGroup section */
		575DCDD423A08B3F00EFD616 = {
			isa = PBXGroup;
			children = (
				575DCDDF23A08B3F00EFD616 /* Leetcode */,
				575DCDDE23A08B3F00EFD616 /* Products */,
			);
			sourceTree = "<group>";
		};
		575DCDDE23A08B3F00EFD616 /* Products */ = {
			isa = PBXGroup;
			children = (
				575DCDDD23A08B3F00EFD616 /* Leetcode */,
			);
			name = Products;
			sourceTree = "<group>";
		};
		575DCDDF23A08B3F00EFD616 /* Leetcode */ = {
			isa = PBXGroup;
			children = (
				575DCDE023A08B3F00EFD616 /* main.cpp */,
				575DCDE723A08BC900EFD616 /* leetcode-3.cpp */,
				575DCDE823A08BC900EFD616 /* leetcode-3.hpp */,
				57D93EB623A0DE3A009C2960 /* leetcode-6.cpp */,
				573D5DFB23A26EA5003A514D /* leetcode-23.cpp */,
				573D5DFC23A26EA5003A514D /* leetcode-23.hpp */,
				57F6D07C23A7A7CD00511609 /* 堆排序.cpp */,
			);
			path = Leetcode;
			sourceTree = "<group>";
		};
/* End PBXGroup section */

/* Begin PBXNativeTarget section */
		575DCDDC23A08B3F00EFD616 /* Leetcode */ = {
			isa = PBXNativeTarget;
			buildConfigurationList = 575DCDE423A08B3F00EFD616 /* Build configuration list for PBXNativeTarget "Leetcode" */;
			buildPhases = (
				575DCDD923A08B3F00EFD616 /* Sources */,
				575DCDDA23A08B3F00EFD616 /* Frameworks */,
				575DCDDB23A08B3F00EFD616 /* CopyFiles */,
			);
			buildRules = (
			);
			dependencies = (
			);
			name = Leetcode;
			productName = Leetcode;
			productReference = 575DCDDD23A08B3F00EFD616 /* Leetcode */;
			productType = "com.apple.product-type.tool";
		};
/* End PBXNativeTarget section */

/* Begin PBXProject section */
		575DCDD523A08B3F00EFD616 /* Project object */ = {
			isa = PBXProject;
			attributes = {
				LastUpgradeCheck = 1120;
				ORGANIZATIONNAME = cysmbp15;
				TargetAttributes = {
					575DCDDC23A08B3F00EFD616 = {
						CreatedOnToolsVersion = 11.2.1;
					};
				};
			};
			buildConfigurationList = 575DCDD823A08B3F00EFD616 /* Build configuration list for PBXProject "Leetcode" */;
			compatibilityVersion = "Xcode 9.3";
			developmentRegion = en;
			hasScannedForEncodings = 0;
			knownRegions = (
				en,
				Base,
			);
			mainGroup = 575DCDD423A08B3F00EFD616;
			productRefGroup = 575DCDDE23A08B3F00EFD616 /* Products */;
			projectDirPath = "";
			projectRoot = "";
			targets = (
				575DCDDC23A08B3F00EFD616 /* Leetcode */,
			);
		};
/* End PBXProject section */

/* Begin PBXSourcesBuildPhase section */
		575DCDD923A08B3F00EFD616 /* Sources */ = {
			isa = PBXSourcesBuildPhase;
			buildActionMask = 2147483647;
			files = (
				575DCDE923A08BC900EFD616 /* leetcode-3.cpp in Sources */,
				57D93EB723A0DE3A009C2960 /* leetcode-6.cpp in Sources */,
				575DCDE123A08B3F00EFD616 /* main.cpp in Sources */,
				573D5DFD23A26EA5003A514D /* leetcode-23.cpp in Sources */,
				57F6D07D23A7A7CD00511609 /* 堆排序.cpp in Sources */,
			);
			runOnlyForDeploymentPostprocessing = 0;
		};
/* End PBXSourcesBuildPhase section */

/* Begin XCBuildConfiguration section */
		575DCDE223A08B3F00EFD616 /* Debug */ = {
			isa = XCBuildConfiguration;
			buildSettings = {
				ALWAYS_SEARCH_USER_PATHS = NO;
				CLANG_ANALYZER_NONNULL = YES;
				CLANG_ANALYZER_NUMBER_OBJECT_CONVERSION = YES_AGGRESSIVE;
				CLANG_CXX_LANGUAGE_STANDARD = "gnu++14";
				CLANG_CXX_LIBRARY = "libc++";
				CLANG_ENABLE_MODULES = YES;
				CLANG_ENABLE_OBJC_ARC = YES;
				CLANG_ENABLE_OBJC_WEAK = YES;
				CLANG_WARN_BLOCK_CAPTURE_AUTORELEASING = YES;
				CLANG_WARN_BOOL_CONVERSION = YES;
				CLANG_WARN_COMMA = YES;
				CLANG_WARN_CONSTANT_CONVERSION = YES;
				CLANG_WARN_DEPRECATED_OBJC_IMPLEMENTATIONS = YES;
				CLANG_WARN_DIRECT_OBJC_ISA_USAGE = YES_ERROR;
				CLANG_WARN_DOCUMENTATION_COMMENTS = YES;
				CLANG_WARN_EMPTY_BODY = YES;
				CLANG_WARN_ENUM_CONVERSION = YES;
				CLANG_WARN_INFINITE_RECURSION = YES;
				CLANG_WARN_INT_CONVERSION = YES;
				CLANG_WARN_NON_LITERAL_NULL_CONVERSION = YES;
				CLANG_WARN_OBJC_IMPLICIT_RETAIN_SELF = YES;
				CLANG_WARN_OBJC_LITERAL_CONVERSION = YES;
				CLANG_WARN_OBJC_ROOT_CLASS = YES_ERROR;
				CLANG_WARN_RANGE_LOOP_ANALYSIS = YES;
				CLANG_WARN_STRICT_PROTOTYPES = YES;
				CLANG_WARN_SUSPICIOUS_MOVE = YES;
				CLANG_WARN_UNGUARDED_AVAILABILITY = YES_AGGRESSIVE;
				CLANG_WARN_UNREACHABLE_CODE = YES;
				CLANG_WARN__DUPLICATE_METHOD_MATCH = YES;
				COPY_PHASE_STRIP = NO;
				DEBUG_INFORMATION_FORMAT = dwarf;
				ENABLE_STRICT_OBJC_MSGSEND = YES;
				ENABLE_TESTABILITY = YES;
				GCC_C_LANGUAGE_STANDARD = gnu11;
				GCC_DYNAMIC_NO_PIC = NO;
				GCC_NO_COMMON_BLOCKS = YES;
				GCC_OPTIMIZATION_LEVEL = 0;
				GCC_PREPROCESSOR_DEFINITIONS = (
					"DEBUG=1",
					"$(inherited)",
				);
				GCC_WARN_64_TO_32_BIT_CONVERSION = YES;
				GCC_WARN_ABOUT_RETURN_TYPE = YES_ERROR;
				GCC_WARN_UNDECLARED_SELECTOR = YES;
				GCC_WARN_UNINITIALIZED_AUTOS = YES_AGGRESSIVE;
				GCC_WARN_UNUSED_FUNCTION = YES;
				GCC_WARN_UNUSED_VARIABLE = YES;
				MACOSX_DEPLOYMENT_TARGET = 10.15;
				MTL_ENABLE_DEBUG_INFO = INCLUDE_SOURCE;
				MTL_FAST_MATH = YES;
				ONLY_ACTIVE_ARCH = YES;
				SDKROOT = macosx;
			};
			name = Debug;
		};
		575DCDE323A08B3F00EFD616 /* Release */ = {
			isa = XCBuildConfiguration;
			buildSettings = {
				ALWAYS_SEARCH_USER_PATHS = NO;
				CLANG_ANALYZER_NONNULL = YES;
				CLANG_ANALYZER_NUMBER_OBJECT_CONVERSION = YES_AGGRESSIVE;
				CLANG_CXX_LANGUAGE_STANDARD = "gnu++14";
				CLANG_CXX_LIBRARY = "libc++";
				CLANG_ENABLE_MODULES = YES;
				CLANG_ENABLE_OBJC_ARC = YES;
				CLANG_ENABLE_OBJC_WEAK = YES;
				CLANG_WARN_BLOCK_CAPTURE_AUTORELEASING = YES;
				CLANG_WARN_BOOL_CONVERSION = YES;
				CLANG_WARN_COMMA = YES;
				CLANG_WARN_CONSTANT_CONVERSION = YES;
				CLANG_WARN_DEPRECATED_OBJC_IMPLEMENTATIONS = YES;
				CLANG_WARN_DIRECT_OBJC_ISA_USAGE = YES_ERROR;
				CLANG_WARN_DOCUMENTATION_COMMENTS = YES;
				CLANG_WARN_EMPTY_BODY = YES;
				CLANG_WARN_ENUM_CONVERSION = YES;
				CLANG_WARN_INFINITE_RECURSION = YES;
				CLANG_WARN_INT_CONVERSION = YES;
				CLANG_WARN_NON_LITERAL_NULL_CONVERSION = YES;
				CLANG_WARN_OBJC_IMPLICIT_RETAIN_SELF = YES;
				CLANG_WARN_OBJC_LITERAL_CONVERSION = YES;
				CLANG_WARN_OBJC_ROOT_CLASS = YES_ERROR;
				CLANG_WARN_RANGE_LOOP_ANALYSIS = YES;
				CLANG_WARN_STRICT_PROTOTYPES = YES;
				CLANG_WARN_SUSPICIOUS_MOVE = YES;
				CLANG_WARN_UNGUARDED_AVAILABILITY = YES_AGGRESSIVE;
				CLANG_WARN_UNREACHABLE_CODE = YES;
				CLANG_WARN__DUPLICATE_METHOD_MATCH = YES;
				COPY_PHASE_STRIP = NO;
				DEBUG_INFORMATION_FORMAT = "dwarf-with-dsym";
				ENABLE_NS_ASSERTIONS = NO;
				ENABLE_STRICT_OBJC_MSGSEND = YES;
				GCC_C_LANGUAGE_STANDARD = gnu11;
				GCC_NO_COMMON_BLOCKS = YES;
				GCC_WARN_64_TO_32_BIT_CONVERSION = YES;
				GCC_WARN_ABOUT_RETURN_TYPE = YES_ERROR;
				GCC_WARN_UNDECLARED_SELECTOR = YES;
				GCC_WARN_UNINITIALIZED_AUTOS = YES_AGGRESSIVE;
				GCC_WARN_UNUSED_FUNCTION = YES;
				GCC_WARN_UNUSED_VARIABLE = YES;
				MACOSX_DEPLOYMENT_TARGET = 10.15;
				MTL_ENABLE_DEBUG_INFO = NO;
				MTL_FAST_MATH = YES;
				SDKROOT = macosx;
			};
			name = Release;
		};
		575DCDE523A08B3F00EFD616 /* Debug */ = {
			isa = XCBuildConfiguration;
			buildSettings = {
				CODE_SIGN_STYLE = Automatic;
				PRODUCT_NAME = "$(TARGET_NAME)";
			};
			name = Debug;
		};
		575DCDE623A08B3F00EFD616 /* Release */ = {
			isa = XCBuildConfiguration;
			buildSettings = {
				CODE_SIGN_STYLE = Automatic;
				PRODUCT_NAME = "$(TARGET_NAME)";
			};
			name = Release;
		};
/* End XCBuildConfiguration section */

/* Begin XCConfigurationList section */
		575DCDD823A08B3F00EFD616 /* Build configuration list for PBXProject "Leetcode" */ = {
			isa = XCConfigurationList;
			buildConfigurations = (
				575DCDE223A08B3F00EFD616 /* Debug */,
				575DCDE323A08B3F00EFD616 /* Release */,
			);
			defaultConfigurationIsVisible = 0;
			defaultConfigurationName = Release;
		};
		575DCDE423A08B3F00EFD616 /* Build configuration list for PBXNativeTarget "Leetcode" */ = {
			isa = XCConfigurationList;
			buildConfigurations = (
				575DCDE523A08B3F00EFD616 /* Debug */,
				575DCDE623A08B3F00EFD616 /* Release */,
			);
			defaultConfigurationIsVisible = 0;
			defaultConfigurationName = Release;
		};
/* End XCConfigurationList section */
	};
	rootObject = 575DCDD523A08B3F00EFD616 /* Project object */;
}
